
Microsoft Visual Studio Solution File, Format Version 12.00
# Visual Studio Version 16
VisualStudioVersion = 16.0.30413.136
MinimumVisualStudioVersion = 10.0.40219.1
Project("{FAE04EC0-301F-11D3-BF4B-00C04F79EFBC}") = "HashSetAtividade", "HashSetAtividade\HashSetAtividade.csproj", "{A70E03EE-B752-48B3-8347-5FD3DF487287}"
EndProject
Global
	GlobalSection(SolutionConfigurationPlatforms) = preSolution
		Debug|Any CPU = Debug|Any CPU
		Release|Any CPU = Release|Any CPU
	EndGlobalSection
	GlobalSection(ProjectConfigurationPlatforms) = postSolution
		{A70E03EE-B752-48B3-8347-5FD3DF487287}.Debug|Any CPU.ActiveCfg = Debug|Any CPU
		{A70E03EE-B752-48B3-8347-5FD3DF487287}.Debug|Any CPU.Build.0 = Debug|Any CPU
		{A70E03EE-B752-48B3-8347-5FD3DF487287}.Release|Any CPU.ActiveCfg = Release|Any CPU
		{A70E03EE-B752-48B3-8347-5FD3DF487287}.Release|Any CPU.Build.0 = Release|Any CPU
	EndGlobalSection
	GlobalSection(SolutionProperties) = preSolution
		HideSolutionNode = FALSE
	EndGlobalSection
	GlobalSection(ExtensibilityGlobals) = postSolution
		SolutionGuid = {6EF264C3-7DE2-44AE-BF55-EBF74B24C038}
	EndGlobalSection
EndGlobal
